{
  "requires": true,
  "lockfileVersion": 1,
  "dependencies": {
    "@babel/runtime": {
      "version": "7.12.5",
      "resolved": "https://registry.npm.taobao.org/@babel/runtime/download/@babel/runtime-7.12.5.tgz?cache=0&sync_timestamp=1604441331796&other_urls=https%3A%2F%2Fregistry.npm.taobao.org%2F%40babel%2Fruntime%2Fdownload%2F%40babel%2Fruntime-7.12.5.tgz",
      "integrity": "sha1-QQ5+SHRB4bNgwpvnFdhw2bmFiC4=",
      "requires": {
        "regenerator-runtime": "^0.13.4"
      }
    },
    "@babel/runtime-corejs3": {
      "version": "7.12.5",
      "resolved": "https://registry.npm.taobao.org/@babel/runtime-corejs3/download/@babel/runtime-corejs3-7.12.5.tgz",
      "integrity": "sha1-/+6R2g60xtrggHdOlLpgY2jkFPQ=",
      "requires": {
        "core-js-pure": "^3.0.0",
        "regenerator-runtime": "^0.13.4"
      }
    },
    "core-js-pure": {
      "version": "3.8.0",
      "resolved": "https://registry.npm.taobao.org/core-js-pure/download/core-js-pure-3.8.0.tgz?cache=0&sync_timestamp=1606327019455&other_urls=https%3A%2F%2Fregistry.npm.taobao.org%2Fcore-js-pure%2Fdownload%2Fcore-js-pure-3.8.0.tgz",
      "integrity": "sha1-TN0uyjfUnNoga2biYgSBjbp3iEo="
    },
    "regenerator-runtime": {
      "version": "0.13.7",
      "resolved": "https://registry.npm.taobao.org/regenerator-runtime/download/regenerator-runtime-0.13.7.tgz?cache=0&other_urls=https%3A%2F%2Fregistry.npm.taobao.org%2Fregenerator-runtime%2Fdownload%2Fregenerator-runtime-0.13.7.tgz",
      "integrity": "sha1-ysLazIoepnX+qrrriugziYrkb1U="
    },
    "wangeditor": {
      "version": "4.5.2",
      "resolved": "https://registry.npm.taobao.org/wangeditor/download/wangeditor-4.5.2.tgz?cache=0&sync_timestamp=1606453900934&other_urls=https%3A%2F%2Fregistry.npm.taobao.org%2Fwangeditor%2Fdownload%2Fwangeditor-4.5.2.tgz",
      "integrity": "sha1-PBLWCmMA85tb9ptn8td9dKpGd+c=",
      "requires": {
        "@babel/runtime": "^7.11.2",
        "@babel/runtime-corejs3": "^7.11.2"
      }
    }
  }
}
